
Microsoft Visual Studio Solution File, Format Version 11.00
# Visual Studio 2010
Project("{FAE04EC0-301F-11D3-BF4B-00C04F79EFBC}") = "BoltPickerV2", "Assembly-CSharp.csproj", "{CD5D889E-5F53-14A6-334F-CF64DC510680}"
EndProject
Global
	GlobalSection(SolutionConfigurationPlatforms) = preSolution
		Debug|Any CPU = Debug|Any CPU
		Release|Any CPU = Release|Any CPU
	EndGlobalSection
	GlobalSection(ProjectConfigurationPlatforms) = postSolution
		{CD5D889E-5F53-14A6-334F-CF64DC510680}.Debug|Any CPU.ActiveCfg = Debug|Any CPU
		{CD5D889E-5F53-14A6-334F-CF64DC510680}.Debug|Any CPU.Build.0 = Debug|Any CPU
		{CD5D889E-5F53-14A6-334F-CF64DC510680}.Release|Any CPU.ActiveCfg = Release|Any CPU
		{CD5D889E-5F53-14A6-334F-CF64DC510680}.Release|Any CPU.Build.0 = Release|Any CPU
	EndGlobalSection
	GlobalSection(SolutionProperties) = preSolution
		HideSolutionNode = FALSE
	EndGlobalSection
	GlobalSection(MonoDevelopProperties) = preSolution
		StartupItem = Assembly-CSharp.csproj
	EndGlobalSection
EndGlobal
